
Microsoft Visual Studio Solution File, Format Version 12.00
# Visual Studio Version 17
VisualStudioVersion = 17.13.35806.99
MinimumVisualStudioVersion = 10.0.40219.1
Project("{FAE04EC0-301F-11D3-BF4B-00C04F79EFBC}") = "Lib.Release", "Lib.Release\Lib.Release.csproj", "{DC873E9C-6DB2-469E-A4F1-A80D964677B9}"
EndProject
Project("{2150E333-8FDC-42A3-9474-1A3956D46DE8}") = "Solution Items", "Solution Items", "{8EC462FD-D22E-90A8-E5CE-7E832BA40C5D}"
	ProjectSection(SolutionItems) = preProject
		lib.release.json = lib.release.json
	EndProjectSection
EndProject
Global
	GlobalSection(SolutionConfigurationPlatforms) = preSolution
		Debug|Any CPU = Debug|Any CPU
		Release|Any CPU = Release|Any CPU
	EndGlobalSection
	GlobalSection(ProjectConfigurationPlatforms) = postSolution
		{DC873E9C-6DB2-469E-A4F1-A80D964677B9}.Debug|Any CPU.ActiveCfg = Debug|Any CPU
		{DC873E9C-6DB2-469E-A4F1-A80D964677B9}.Debug|Any CPU.Build.0 = Debug|Any CPU
		{DC873E9C-6DB2-469E-A4F1-A80D964677B9}.Release|Any CPU.ActiveCfg = Release|Any CPU
		{DC873E9C-6DB2-469E-A4F1-A80D964677B9}.Release|Any CPU.Build.0 = Release|Any CPU
	EndGlobalSection
	GlobalSection(SolutionProperties) = preSolution
		HideSolutionNode = FALSE
	EndGlobalSection
	GlobalSection(ExtensibilityGlobals) = postSolution
		SolutionGuid = {F57F6CD2-8E73-4382-BF34-C102D02DED4D}
	EndGlobalSection
EndGlobal
